
Microsoft Visual Studio Solution File, Format Version 12.00
# Visual Studio Version 17
VisualStudioVersion = 17.8.34330.188
MinimumVisualStudioVersion = 10.0.40219.1
Project("{8BC9CEB8-8B4A-11D0-8D11-00A0C91BC942}") = "Snake", "Snake\Snake.vcxproj", "{C83E97DD-FC93-466E-A7BA-CA004AC040BB}"
EndProject
Project("{8BC9CEB8-8B4A-11D0-8D11-00A0C91BC942}") = "Asteroid", "Asteroid\Asteroid.vcxproj", "{B9C1C802-5899-423A-A517-1410976EB6A9}"
EndProject
Global
	GlobalSection(SolutionConfigurationPlatforms) = preSolution
		Debug|x64 = Debug|x64
		Debug|x86 = Debug|x86
		Release|x64 = Release|x64
		Release|x86 = Release|x86
	EndGlobalSection
	GlobalSection(ProjectConfigurationPlatforms) = postSolution
		{C83E97DD-FC93-466E-A7BA-CA004AC040BB}.Debug|x64.ActiveCfg = Debug|x64
		{C83E97DD-FC93-466E-A7BA-CA004AC040BB}.Debug|x64.Build.0 = Debug|x64
		{C83E97DD-FC93-466E-A7BA-CA004AC040BB}.Debug|x86.ActiveCfg = Debug|Win32
		{C83E97DD-FC93-466E-A7BA-CA004AC040BB}.Debug|x86.Build.0 = Debug|Win32
		{C83E97DD-FC93-466E-A7BA-CA004AC040BB}.Release|x64.ActiveCfg = Release|x64
		{C83E97DD-FC93-466E-A7BA-CA004AC040BB}.Release|x64.Build.0 = Release|x64
		{C83E97DD-FC93-466E-A7BA-CA004AC040BB}.Release|x86.ActiveCfg = Release|Win32
		{C83E97DD-FC93-466E-A7BA-CA004AC040BB}.Release|x86.Build.0 = Release|Win32
		{B9C1C802-5899-423A-A517-1410976EB6A9}.Debug|x64.ActiveCfg = Debug|x64
		{B9C1C802-5899-423A-A517-1410976EB6A9}.Debug|x64.Build.0 = Debug|x64
		{B9C1C802-5899-423A-A517-1410976EB6A9}.Debug|x86.ActiveCfg = Debug|Win32
		{B9C1C802-5899-423A-A517-1410976EB6A9}.Debug|x86.Build.0 = Debug|Win32
		{B9C1C802-5899-423A-A517-1410976EB6A9}.Release|x64.ActiveCfg = Release|x64
		{B9C1C802-5899-423A-A517-1410976EB6A9}.Release|x64.Build.0 = Release|x64
		{B9C1C802-5899-423A-A517-1410976EB6A9}.Release|x86.ActiveCfg = Release|Win32
		{B9C1C802-5899-423A-A517-1410976EB6A9}.Release|x86.Build.0 = Release|Win32
	EndGlobalSection
	GlobalSection(SolutionProperties) = preSolution
		HideSolutionNode = FALSE
	EndGlobalSection
	GlobalSection(ExtensibilityGlobals) = postSolution
		SolutionGuid = {7E1DF7CD-51E6-4CD0-9A9C-9EB39AE1A769}
	EndGlobalSection
EndGlobal
